
Microsoft Visual Studio Solution File, Format Version 12.00
# Visual Studio 2012
Project("{8BC9CEB8-8B4A-11D0-8D11-00A0C91BC942}") = "ConsoleApplication3", "ConsoleApplication3\ConsoleApplication3.vcxproj", "{8E57BC76-C786-435B-8D44-F93F4DD76126}"
EndProject
Global
	GlobalSection(SolutionConfigurationPlatforms) = preSolution
		Debug|Win32 = Debug|Win32
		Release|Win32 = Release|Win32
	EndGlobalSection
	GlobalSection(ProjectConfigurationPlatforms) = postSolution
		{8E57BC76-C786-435B-8D44-F93F4DD76126}.Debug|Win32.ActiveCfg = Debug|Win32
		{8E57BC76-C786-435B-8D44-F93F4DD76126}.Debug|Win32.Build.0 = Debug|Win32
		{8E57BC76-C786-435B-8D44-F93F4DD76126}.Release|Win32.ActiveCfg = Release|Win32
		{8E57BC76-C786-435B-8D44-F93F4DD76126}.Release|Win32.Build.0 = Release|Win32
	EndGlobalSection
	GlobalSection(SolutionProperties) = preSolution
		HideSolutionNode = FALSE
	EndGlobalSection
EndGlobal
